
Microsoft Visual Studio Solution File, Format Version 12.00
# Visual Studio Version 16
VisualStudioVersion = 16.0.31025.194
MinimumVisualStudioVersion = 10.0.40219.1
Project("{FAE04EC0-301F-11D3-BF4B-00C04F79EFBC}") = "HCWpf", "HCWpf\HCWpf.csproj", "{491CB6C8-3D7E-4EE1-BC2F-4D59A185B2F9}"
EndProject
Global
	GlobalSection(SolutionConfigurationPlatforms) = preSolution
		Debug|Any CPU = Debug|Any CPU
		Release|Any CPU = Release|Any CPU
	EndGlobalSection
	GlobalSection(ProjectConfigurationPlatforms) = postSolution
		{491CB6C8-3D7E-4EE1-BC2F-4D59A185B2F9}.Debug|Any CPU.ActiveCfg = Debug|Any CPU
		{491CB6C8-3D7E-4EE1-BC2F-4D59A185B2F9}.Debug|Any CPU.Build.0 = Debug|Any CPU
		{491CB6C8-3D7E-4EE1-BC2F-4D59A185B2F9}.Release|Any CPU.ActiveCfg = Release|Any CPU
		{491CB6C8-3D7E-4EE1-BC2F-4D59A185B2F9}.Release|Any CPU.Build.0 = Release|Any CPU
	EndGlobalSection
	GlobalSection(SolutionProperties) = preSolution
		HideSolutionNode = FALSE
	EndGlobalSection
	GlobalSection(ExtensibilityGlobals) = postSolution
		SolutionGuid = {5BC35765-4637-480F-9E6B-E50CDCAA870F}
	EndGlobalSection
EndGlobal
